
Microsoft Visual Studio Solution File, Format Version 12.00
# Visual Studio 14
VisualStudioVersion = 14.0.23107.0
MinimumVisualStudioVersion = 10.0.40219.1
Project("{FAE04EC0-301F-11D3-BF4B-00C04F79EFBC}") = "ReverseString", "SchoolProjects\ReverseString.csproj", "{DE7B4EFC-DA04-4EB5-89B3-04F315B0D67F}"
EndProject
Project("{FAE04EC0-301F-11D3-BF4B-00C04F79EFBC}") = "LilleTabel", "LilleTabel\LilleTabel.csproj", "{019635D6-EFD2-4CC7-B7D8-D19C153D8533}"
EndProject
Project("{FAE04EC0-301F-11D3-BF4B-00C04F79EFBC}") = "Arrays", "Arrays\Arrays.csproj", "{21EE74C4-52DD-4F65-BA8F-97A3C7B111B8}"
EndProject
Project("{FAE04EC0-301F-11D3-BF4B-00C04F79EFBC}") = "MultidimentionalArrays", "MultidimentionalArrays\MultidimentionalArrays.csproj", "{2256C65D-DDB9-4B2F-B2F3-E83300E87098}"
EndProject
Project("{FAE04EC0-301F-11D3-BF4B-00C04F79EFBC}") = "FirstObjects", "FirstObjects\FirstObjects.csproj", "{3D5276CB-9480-45E4-998F-1437B01FDB51}"
EndProject
Project("{FAE04EC0-301F-11D3-BF4B-00C04F79EFBC}") = "Unsafe", "Unsafe\Unsafe.csproj", "{42917165-3A39-438D-94AE-E61F9F701747}"
EndProject
Project("{FAE04EC0-301F-11D3-BF4B-00C04F79EFBC}") = "BankAccount", "BankAccount\BankAccount.csproj", "{786E623A-6670-4BAD-B440-C4433C810BE3}"
EndProject
Project("{FAE04EC0-301F-11D3-BF4B-00C04F79EFBC}") = "BankAccount.Test", "BankAccount.Test\BankAccount.Test.csproj", "{15CB6AD1-4C01-4346-99A5-DE3BE77A5863}"
EndProject
Project("{FAE04EC0-301F-11D3-BF4B-00C04F79EFBC}") = "BankStuff", "BankStuff\BankStuff.csproj", "{B19A62E8-0F51-476E-957E-223706304753}"
EndProject
Project("{FAE04EC0-301F-11D3-BF4B-00C04F79EFBC}") = "LinkedList", "LinkedList\LinkedList.csproj", "{8971D521-9E55-476C-AE54-4A454DDAD058}"
EndProject
Project("{FAE04EC0-301F-11D3-BF4B-00C04F79EFBC}") = "DiceGame", "DiceGame\DiceGame.csproj", "{E725A647-58DA-466F-8A15-259F23E14C04}"
EndProject
Project("{FAE04EC0-301F-11D3-BF4B-00C04F79EFBC}") = "Farm", "Farm\Farm.csproj", "{C05ED2BD-DCB4-4AE6-A987-2898131B5A6B}"
EndProject
Project("{FAE04EC0-301F-11D3-BF4B-00C04F79EFBC}") = "ShapeFactory", "..\..\..\Visual Studio 2015\Projects\C#\Pluralsight\C_sharp Projects\ShapeFactory\ShapeFactory.csproj", "{8B7A62C3-1850-4C5A-8B4F-73682E25027B}"
EndProject
Project("{FAE04EC0-301F-11D3-BF4B-00C04F79EFBC}") = "Dictionary", "Dictionary\Dictionary.csproj", "{50FE43C0-539D-4EA8-8F2C-CEBC32046D30}"
EndProject
Project("{FAE04EC0-301F-11D3-BF4B-00C04F79EFBC}") = "CollectionFun", "CollectionFun\CollectionFun\CollectionFun.csproj", "{6A329B0B-894A-48E3-A4E1-4E2F84CEFF15}"
EndProject
Project("{FAE04EC0-301F-11D3-BF4B-00C04F79EFBC}") = "IEnumerableFun", "IEnumerableFun\IEnumerableFun.csproj", "{C598DE4C-148E-4798-AE0F-774EB467238B}"
EndProject
Global
	GlobalSection(SolutionConfigurationPlatforms) = preSolution
		Ad-Hoc|Any CPU = Ad-Hoc|Any CPU
		Ad-Hoc|iPhone = Ad-Hoc|iPhone
		Ad-Hoc|iPhoneSimulator = Ad-Hoc|iPhoneSimulator
		AppStore|Any CPU = AppStore|Any CPU
		AppStore|iPhone = AppStore|iPhone
		AppStore|iPhoneSimulator = AppStore|iPhoneSimulator
		Debug|Any CPU = Debug|Any CPU
		Debug|iPhone = Debug|iPhone
		Debug|iPhoneSimulator = Debug|iPhoneSimulator
		Release|Any CPU = Release|Any CPU
		Release|iPhone = Release|iPhone
		Release|iPhoneSimulator = Release|iPhoneSimulator
	EndGlobalSection
	GlobalSection(ProjectConfigurationPlatforms) = postSolution
		{DE7B4EFC-DA04-4EB5-89B3-04F315B0D67F}.Ad-Hoc|Any CPU.ActiveCfg = Release|Any CPU
		{DE7B4EFC-DA04-4EB5-89B3-04F315B0D67F}.Ad-Hoc|Any CPU.Build.0 = Release|Any CPU
		{DE7B4EFC-DA04-4EB5-89B3-04F315B0D67F}.Ad-Hoc|iPhone.ActiveCfg = Release|Any CPU
		{DE7B4EFC-DA04-4EB5-89B3-04F315B0D67F}.Ad-Hoc|iPhone.Build.0 = Release|Any CPU
		{DE7B4EFC-DA04-4EB5-89B3-04F315B0D67F}.Ad-Hoc|iPhoneSimulator.ActiveCfg = Release|Any CPU
		{DE7B4EFC-DA04-4EB5-89B3-04F315B0D67F}.Ad-Hoc|iPhoneSimulator.Build.0 = Release|Any CPU
		{DE7B4EFC-DA04-4EB5-89B3-04F315B0D67F}.AppStore|Any CPU.ActiveCfg = Release|Any CPU
		{DE7B4EFC-DA04-4EB5-89B3-04F315B0D67F}.AppStore|Any CPU.Build.0 = Release|Any CPU
		{DE7B4EFC-DA04-4EB5-89B3-04F315B0D67F}.AppStore|iPhone.ActiveCfg = Release|Any CPU
		{DE7B4EFC-DA04-4EB5-89B3-04F315B0D67F}.AppStore|iPhone.Build.0 = Release|Any CPU
		{DE7B4EFC-DA04-4EB5-89B3-04F315B0D67F}.AppStore|iPhoneSimulator.ActiveCfg = Release|Any CPU
		{DE7B4EFC-DA04-4EB5-89B3-04F315B0D67F}.AppStore|iPhoneSimulator.Build.0 = Release|Any CPU
		{DE7B4EFC-DA04-4EB5-89B3-04F315B0D67F}.Debug|Any CPU.ActiveCfg = Debug|Any CPU
		{DE7B4EFC-DA04-4EB5-89B3-04F315B0D67F}.Debug|Any CPU.Build.0 = Debug|Any CPU
		{DE7B4EFC-DA04-4EB5-89B3-04F315B0D67F}.Debug|iPhone.ActiveCfg = Debug|Any CPU
		{DE7B4EFC-DA04-4EB5-89B3-04F315B0D67F}.Debug|iPhone.Build.0 = Debug|Any CPU
		{DE7B4EFC-DA04-4EB5-89B3-04F315B0D67F}.Debug|iPhoneSimulator.ActiveCfg = Debug|Any CPU
		{DE7B4EFC-DA04-4EB5-89B3-04F315B0D67F}.Debug|iPhoneSimulator.Build.0 = Debug|Any CPU
		{DE7B4EFC-DA04-4EB5-89B3-04F315B0D67F}.Release|Any CPU.ActiveCfg = Release|Any CPU
		{DE7B4EFC-DA04-4EB5-89B3-04F315B0D67F}.Release|Any CPU.Build.0 = Release|Any CPU
		{DE7B4EFC-DA04-4EB5-89B3-04F315B0D67F}.Release|iPhone.ActiveCfg = Release|Any CPU
		{DE7B4EFC-DA04-4EB5-89B3-04F315B0D67F}.Release|iPhone.Build.0 = Release|Any CPU
		{DE7B4EFC-DA04-4EB5-89B3-04F315B0D67F}.Release|iPhoneSimulator.ActiveCfg = Release|Any CPU
		{DE7B4EFC-DA04-4EB5-89B3-04F315B0D67F}.Release|iPhoneSimulator.Build.0 = Release|Any CPU
		{019635D6-EFD2-4CC7-B7D8-D19C153D8533}.Ad-Hoc|Any CPU.ActiveCfg = Release|Any CPU
		{019635D6-EFD2-4CC7-B7D8-D19C153D8533}.Ad-Hoc|Any CPU.Build.0 = Release|Any CPU
		{019635D6-EFD2-4CC7-B7D8-D19C153D8533}.Ad-Hoc|iPhone.ActiveCfg = Release|Any CPU
		{019635D6-EFD2-4CC7-B7D8-D19C153D8533}.Ad-Hoc|iPhone.Build.0 = Release|Any CPU
		{019635D6-EFD2-4CC7-B7D8-D19C153D8533}.Ad-Hoc|iPhoneSimulator.ActiveCfg = Release|Any CPU
		{019635D6-EFD2-4CC7-B7D8-D19C153D8533}.Ad-Hoc|iPhoneSimulator.Build.0 = Release|Any CPU
		{019635D6-EFD2-4CC7-B7D8-D19C153D8533}.AppStore|Any CPU.ActiveCfg = Release|Any CPU
		{019635D6-EFD2-4CC7-B7D8-D19C153D8533}.AppStore|Any CPU.Build.0 = Release|Any CPU
		{019635D6-EFD2-4CC7-B7D8-D19C153D8533}.AppStore|iPhone.ActiveCfg = Release|Any CPU
		{019635D6-EFD2-4CC7-B7D8-D19C153D8533}.AppStore|iPhone.Build.0 = Release|Any CPU
		{019635D6-EFD2-4CC7-B7D8-D19C153D8533}.AppStore|iPhoneSimulator.ActiveCfg = Release|Any CPU
		{019635D6-EFD2-4CC7-B7D8-D19C153D8533}.AppStore|iPhoneSimulator.Build.0 = Release|Any CPU
		{019635D6-EFD2-4CC7-B7D8-D19C153D8533}.Debug|Any CPU.ActiveCfg = Debug|Any CPU
		{019635D6-EFD2-4CC7-B7D8-D19C153D8533}.Debug|Any CPU.Build.0 = Debug|Any CPU
		{019635D6-EFD2-4CC7-B7D8-D19C153D8533}.Debug|iPhone.ActiveCfg = Debug|Any CPU
		{019635D6-EFD2-4CC7-B7D8-D19C153D8533}.Debug|iPhone.Build.0 = Debug|Any CPU
		{019635D6-EFD2-4CC7-B7D8-D19C153D8533}.Debug|iPhoneSimulator.ActiveCfg = Debug|Any CPU
		{019635D6-EFD2-4CC7-B7D8-D19C153D8533}.Debug|iPhoneSimulator.Build.0 = Debug|Any CPU
		{019635D6-EFD2-4CC7-B7D8-D19C153D8533}.Release|Any CPU.ActiveCfg = Release|Any CPU
		{019635D6-EFD2-4CC7-B7D8-D19C153D8533}.Release|Any CPU.Build.0 = Release|Any CPU
		{019635D6-EFD2-4CC7-B7D8-D19C153D8533}.Release|iPhone.ActiveCfg = Release|Any CPU
		{019635D6-EFD2-4CC7-B7D8-D19C153D8533}.Release|iPhone.Build.0 = Release|Any CPU
		{019635D6-EFD2-4CC7-B7D8-D19C153D8533}.Release|iPhoneSimulator.ActiveCfg = Release|Any CPU
		{019635D6-EFD2-4CC7-B7D8-D19C153D8533}.Release|iPhoneSimulator.Build.0 = Release|Any CPU
		{21EE74C4-52DD-4F65-BA8F-97A3C7B111B8}.Ad-Hoc|Any CPU.ActiveCfg = Release|Any CPU
		{21EE74C4-52DD-4F65-BA8F-97A3C7B111B8}.Ad-Hoc|Any CPU.Build.0 = Release|Any CPU
		{21EE74C4-52DD-4F65-BA8F-97A3C7B111B8}.Ad-Hoc|iPhone.ActiveCfg = Release|Any CPU
		{21EE74C4-52DD-4F65-BA8F-97A3C7B111B8}.Ad-Hoc|iPhone.Build.0 = Release|Any CPU
		{21EE74C4-52DD-4F65-BA8F-97A3C7B111B8}.Ad-Hoc|iPhoneSimulator.ActiveCfg = Release|Any CPU
		{21EE74C4-52DD-4F65-BA8F-97A3C7B111B8}.Ad-Hoc|iPhoneSimulator.Build.0 = Release|Any CPU
		{21EE74C4-52DD-4F65-BA8F-97A3C7B111B8}.AppStore|Any CPU.ActiveCfg = Release|Any CPU
		{21EE74C4-52DD-4F65-BA8F-97A3C7B111B8}.AppStore|Any CPU.Build.0 = Release|Any CPU
		{21EE74C4-52DD-4F65-BA8F-97A3C7B111B8}.AppStore|iPhone.ActiveCfg = Release|Any CPU
		{21EE74C4-52DD-4F65-BA8F-97A3C7B111B8}.AppStore|iPhone.Build.0 = Release|Any CPU
		{21EE74C4-52DD-4F65-BA8F-97A3C7B111B8}.AppStore|iPhoneSimulator.ActiveCfg = Release|Any CPU
		{21EE74C4-52DD-4F65-BA8F-97A3C7B111B8}.AppStore|iPhoneSimulator.Build.0 = Release|Any CPU
		{21EE74C4-52DD-4F65-BA8F-97A3C7B111B8}.Debug|Any CPU.ActiveCfg = Debug|Any CPU
		{21EE74C4-52DD-4F65-BA8F-97A3C7B111B8}.Debug|Any CPU.Build.0 = Debug|Any CPU
		{21EE74C4-52DD-4F65-BA8F-97A3C7B111B8}.Debug|iPhone.ActiveCfg = Debug|Any CPU
		{21EE74C4-52DD-4F65-BA8F-97A3C7B111B8}.Debug|iPhone.Build.0 = Debug|Any CPU
		{21EE74C4-52DD-4F65-BA8F-97A3C7B111B8}.Debug|iPhoneSimulator.ActiveCfg = Debug|Any CPU
		{21EE74C4-52DD-4F65-BA8F-97A3C7B111B8}.Debug|iPhoneSimulator.Build.0 = Debug|Any CPU
		{21EE74C4-52DD-4F65-BA8F-97A3C7B111B8}.Release|Any CPU.ActiveCfg = Release|Any CPU
		{21EE74C4-52DD-4F65-BA8F-97A3C7B111B8}.Release|Any CPU.Build.0 = Release|Any CPU
		{21EE74C4-52DD-4F65-BA8F-97A3C7B111B8}.Release|iPhone.ActiveCfg = Release|Any CPU
		{21EE74C4-52DD-4F65-BA8F-97A3C7B111B8}.Release|iPhone.Build.0 = Release|Any CPU
		{21EE74C4-52DD-4F65-BA8F-97A3C7B111B8}.Release|iPhoneSimulator.ActiveCfg = Release|Any CPU
		{21EE74C4-52DD-4F65-BA8F-97A3C7B111B8}.Release|iPhoneSimulator.Build.0 = Release|Any CPU
		{2256C65D-DDB9-4B2F-B2F3-E83300E87098}.Ad-Hoc|Any CPU.ActiveCfg = Release|Any CPU
		{2256C65D-DDB9-4B2F-B2F3-E83300E87098}.Ad-Hoc|Any CPU.Build.0 = Release|Any CPU
		{2256C65D-DDB9-4B2F-B2F3-E83300E87098}.Ad-Hoc|iPhone.ActiveCfg = Release|Any CPU
		{2256C65D-DDB9-4B2F-B2F3-E83300E87098}.Ad-Hoc|iPhone.Build.0 = Release|Any CPU
		{2256C65D-DDB9-4B2F-B2F3-E83300E87098}.Ad-Hoc|iPhoneSimulator.ActiveCfg = Release|Any CPU
		{2256C65D-DDB9-4B2F-B2F3-E83300E87098}.Ad-Hoc|iPhoneSimulator.Build.0 = Release|Any CPU
		{2256C65D-DDB9-4B2F-B2F3-E83300E87098}.AppStore|Any CPU.ActiveCfg = Release|Any CPU
		{2256C65D-DDB9-4B2F-B2F3-E83300E87098}.AppStore|Any CPU.Build.0 = Release|Any CPU
		{2256C65D-DDB9-4B2F-B2F3-E83300E87098}.AppStore|iPhone.ActiveCfg = Release|Any CPU
		{2256C65D-DDB9-4B2F-B2F3-E83300E87098}.AppStore|iPhone.Build.0 = Release|Any CPU
		{2256C65D-DDB9-4B2F-B2F3-E83300E87098}.AppStore|iPhoneSimulator.ActiveCfg = Release|Any CPU
		{2256C65D-DDB9-4B2F-B2F3-E83300E87098}.AppStore|iPhoneSimulator.Build.0 = Release|Any CPU
		{2256C65D-DDB9-4B2F-B2F3-E83300E87098}.Debug|Any CPU.ActiveCfg = Debug|Any CPU
		{2256C65D-DDB9-4B2F-B2F3-E83300E87098}.Debug|Any CPU.Build.0 = Debug|Any CPU
		{2256C65D-DDB9-4B2F-B2F3-E83300E87098}.Debug|iPhone.ActiveCfg = Debug|Any CPU
		{2256C65D-DDB9-4B2F-B2F3-E83300E87098}.Debug|iPhone.Build.0 = Debug|Any CPU
		{2256C65D-DDB9-4B2F-B2F3-E83300E87098}.Debug|iPhoneSimulator.ActiveCfg = Debug|Any CPU
		{2256C65D-DDB9-4B2F-B2F3-E83300E87098}.Debug|iPhoneSimulator.Build.0 = Debug|Any CPU
		{2256C65D-DDB9-4B2F-B2F3-E83300E87098}.Release|Any CPU.ActiveCfg = Release|Any CPU
		{2256C65D-DDB9-4B2F-B2F3-E83300E87098}.Release|Any CPU.Build.0 = Release|Any CPU
		{2256C65D-DDB9-4B2F-B2F3-E83300E87098}.Release|iPhone.ActiveCfg = Release|Any CPU
		{2256C65D-DDB9-4B2F-B2F3-E83300E87098}.Release|iPhone.Build.0 = Release|Any CPU
		{2256C65D-DDB9-4B2F-B2F3-E83300E87098}.Release|iPhoneSimulator.ActiveCfg = Release|Any CPU
		{2256C65D-DDB9-4B2F-B2F3-E83300E87098}.Release|iPhoneSimulator.Build.0 = Release|Any CPU
		{3D5276CB-9480-45E4-998F-1437B01FDB51}.Ad-Hoc|Any CPU.ActiveCfg = Release|Any CPU
		{3D5276CB-9480-45E4-998F-1437B01FDB51}.Ad-Hoc|Any CPU.Build.0 = Release|Any CPU
		{3D5276CB-9480-45E4-998F-1437B01FDB51}.Ad-Hoc|iPhone.ActiveCfg = Release|Any CPU
		{3D5276CB-9480-45E4-998F-1437B01FDB51}.Ad-Hoc|iPhone.Build.0 = Release|Any CPU
		{3D5276CB-9480-45E4-998F-1437B01FDB51}.Ad-Hoc|iPhoneSimulator.ActiveCfg = Release|Any CPU
		{3D5276CB-9480-45E4-998F-1437B01FDB51}.Ad-Hoc|iPhoneSimulator.Build.0 = Release|Any CPU
		{3D5276CB-9480-45E4-998F-1437B01FDB51}.AppStore|Any CPU.ActiveCfg = Release|Any CPU
		{3D5276CB-9480-45E4-998F-1437B01FDB51}.AppStore|Any CPU.Build.0 = Release|Any CPU
		{3D5276CB-9480-45E4-998F-1437B01FDB51}.AppStore|iPhone.ActiveCfg = Release|Any CPU
		{3D5276CB-9480-45E4-998F-1437B01FDB51}.AppStore|iPhone.Build.0 = Release|Any CPU
		{3D5276CB-9480-45E4-998F-1437B01FDB51}.AppStore|iPhoneSimulator.ActiveCfg = Release|Any CPU
		{3D5276CB-9480-45E4-998F-1437B01FDB51}.AppStore|iPhoneSimulator.Build.0 = Release|Any CPU
		{3D5276CB-9480-45E4-998F-1437B01FDB51}.Debug|Any CPU.ActiveCfg = Debug|Any CPU
		{3D5276CB-9480-45E4-998F-1437B01FDB51}.Debug|Any CPU.Build.0 = Debug|Any CPU
		{3D5276CB-9480-45E4-998F-1437B01FDB51}.Debug|iPhone.ActiveCfg = Debug|Any CPU
		{3D5276CB-9480-45E4-998F-1437B01FDB51}.Debug|iPhone.Build.0 = Debug|Any CPU
		{3D5276CB-9480-45E4-998F-1437B01FDB51}.Debug|iPhoneSimulator.ActiveCfg = Debug|Any CPU
		{3D5276CB-9480-45E4-998F-1437B01FDB51}.Debug|iPhoneSimulator.Build.0 = Debug|Any CPU
		{3D5276CB-9480-45E4-998F-1437B01FDB51}.Release|Any CPU.ActiveCfg = Release|Any CPU
		{3D5276CB-9480-45E4-998F-1437B01FDB51}.Release|Any CPU.Build.0 = Release|Any CPU
		{3D5276CB-9480-45E4-998F-1437B01FDB51}.Release|iPhone.ActiveCfg = Release|Any CPU
		{3D5276CB-9480-45E4-998F-1437B01FDB51}.Release|iPhone.Build.0 = Release|Any CPU
		{3D5276CB-9480-45E4-998F-1437B01FDB51}.Release|iPhoneSimulator.ActiveCfg = Release|Any CPU
		{3D5276CB-9480-45E4-998F-1437B01FDB51}.Release|iPhoneSimulator.Build.0 = Release|Any CPU
		{42917165-3A39-438D-94AE-E61F9F701747}.Ad-Hoc|Any CPU.ActiveCfg = Release|Any CPU
		{42917165-3A39-438D-94AE-E61F9F701747}.Ad-Hoc|Any CPU.Build.0 = Release|Any CPU
		{42917165-3A39-438D-94AE-E61F9F701747}.Ad-Hoc|iPhone.ActiveCfg = Release|Any CPU
		{42917165-3A39-438D-94AE-E61F9F701747}.Ad-Hoc|iPhone.Build.0 = Release|Any CPU
		{42917165-3A39-438D-94AE-E61F9F701747}.Ad-Hoc|iPhoneSimulator.ActiveCfg = Release|Any CPU
		{42917165-3A39-438D-94AE-E61F9F701747}.Ad-Hoc|iPhoneSimulator.Build.0 = Release|Any CPU
		{42917165-3A39-438D-94AE-E61F9F701747}.AppStore|Any CPU.ActiveCfg = Release|Any CPU
		{42917165-3A39-438D-94AE-E61F9F701747}.AppStore|Any CPU.Build.0 = Release|Any CPU
		{42917165-3A39-438D-94AE-E61F9F701747}.AppStore|iPhone.ActiveCfg = Release|Any CPU
		{42917165-3A39-438D-94AE-E61F9F701747}.AppStore|iPhone.Build.0 = Release|Any CPU
		{42917165-3A39-438D-94AE-E61F9F701747}.AppStore|iPhoneSimulator.ActiveCfg = Release|Any CPU
		{42917165-3A39-438D-94AE-E61F9F701747}.AppStore|iPhoneSimulator.Build.0 = Release|Any CPU
		{42917165-3A39-438D-94AE-E61F9F701747}.Debug|Any CPU.ActiveCfg = Debug|Any CPU
		{42917165-3A39-438D-94AE-E61F9F701747}.Debug|Any CPU.Build.0 = Debug|Any CPU
		{42917165-3A39-438D-94AE-E61F9F701747}.Debug|iPhone.ActiveCfg = Debug|Any CPU
		{42917165-3A39-438D-94AE-E61F9F701747}.Debug|iPhone.Build.0 = Debug|Any CPU
		{42917165-3A39-438D-94AE-E61F9F701747}.Debug|iPhoneSimulator.ActiveCfg = Debug|Any CPU
		{42917165-3A39-438D-94AE-E61F9F701747}.Debug|iPhoneSimulator.Build.0 = Debug|Any CPU
		{42917165-3A39-438D-94AE-E61F9F701747}.Release|Any CPU.ActiveCfg = Release|Any CPU
		{42917165-3A39-438D-94AE-E61F9F701747}.Release|Any CPU.Build.0 = Release|Any CPU
		{42917165-3A39-438D-94AE-E61F9F701747}.Release|iPhone.ActiveCfg = Release|Any CPU
		{42917165-3A39-438D-94AE-E61F9F701747}.Release|iPhone.Build.0 = Release|Any CPU
		{42917165-3A39-438D-94AE-E61F9F701747}.Release|iPhoneSimulator.ActiveCfg = Release|Any CPU
		{42917165-3A39-438D-94AE-E61F9F701747}.Release|iPhoneSimulator.Build.0 = Release|Any CPU
		{786E623A-6670-4BAD-B440-C4433C810BE3}.Ad-Hoc|Any CPU.ActiveCfg = Release|Any CPU
		{786E623A-6670-4BAD-B440-C4433C810BE3}.Ad-Hoc|Any CPU.Build.0 = Release|Any CPU
		{786E623A-6670-4BAD-B440-C4433C810BE3}.Ad-Hoc|iPhone.ActiveCfg = Release|Any CPU
		{786E623A-6670-4BAD-B440-C4433C810BE3}.Ad-Hoc|iPhone.Build.0 = Release|Any CPU
		{786E623A-6670-4BAD-B440-C4433C810BE3}.Ad-Hoc|iPhoneSimulator.ActiveCfg = Release|Any CPU
		{786E623A-6670-4BAD-B440-C4433C810BE3}.Ad-Hoc|iPhoneSimulator.Build.0 = Release|Any CPU
		{786E623A-6670-4BAD-B440-C4433C810BE3}.AppStore|Any CPU.ActiveCfg = Release|Any CPU
		{786E623A-6670-4BAD-B440-C4433C810BE3}.AppStore|Any CPU.Build.0 = Release|Any CPU
		{786E623A-6670-4BAD-B440-C4433C810BE3}.AppStore|iPhone.ActiveCfg = Release|Any CPU
		{786E623A-6670-4BAD-B440-C4433C810BE3}.AppStore|iPhone.Build.0 = Release|Any CPU
		{786E623A-6670-4BAD-B440-C4433C810BE3}.AppStore|iPhoneSimulator.ActiveCfg = Release|Any CPU
		{786E623A-6670-4BAD-B440-C4433C810BE3}.AppStore|iPhoneSimulator.Build.0 = Release|Any CPU
		{786E623A-6670-4BAD-B440-C4433C810BE3}.Debug|Any CPU.ActiveCfg = Debug|Any CPU
		{786E623A-6670-4BAD-B440-C4433C810BE3}.Debug|Any CPU.Build.0 = Debug|Any CPU
		{786E623A-6670-4BAD-B440-C4433C810BE3}.Debug|iPhone.ActiveCfg = Debug|Any CPU
		{786E623A-6670-4BAD-B440-C4433C810BE3}.Debug|iPhone.Build.0 = Debug|Any CPU
		{786E623A-6670-4BAD-B440-C4433C810BE3}.Debug|iPhoneSimulator.ActiveCfg = Debug|Any CPU
		{786E623A-6670-4BAD-B440-C4433C810BE3}.Debug|iPhoneSimulator.Build.0 = Debug|Any CPU
		{786E623A-6670-4BAD-B440-C4433C810BE3}.Release|Any CPU.ActiveCfg = Release|Any CPU
		{786E623A-6670-4BAD-B440-C4433C810BE3}.Release|Any CPU.Build.0 = Release|Any CPU
		{786E623A-6670-4BAD-B440-C4433C810BE3}.Release|iPhone.ActiveCfg = Release|Any CPU
		{786E623A-6670-4BAD-B440-C4433C810BE3}.Release|iPhone.Build.0 = Release|Any CPU
		{786E623A-6670-4BAD-B440-C4433C810BE3}.Release|iPhoneSimulator.ActiveCfg = Release|Any CPU
		{786E623A-6670-4BAD-B440-C4433C810BE3}.Release|iPhoneSimulator.Build.0 = Release|Any CPU
		{15CB6AD1-4C01-4346-99A5-DE3BE77A5863}.Ad-Hoc|Any CPU.ActiveCfg = Release|Any CPU
		{15CB6AD1-4C01-4346-99A5-DE3BE77A5863}.Ad-Hoc|Any CPU.Build.0 = Release|Any CPU
		{15CB6AD1-4C01-4346-99A5-DE3BE77A5863}.Ad-Hoc|iPhone.ActiveCfg = Release|Any CPU
		{15CB6AD1-4C01-4346-99A5-DE3BE77A5863}.Ad-Hoc|iPhone.Build.0 = Release|Any CPU
		{15CB6AD1-4C01-4346-99A5-DE3BE77A5863}.Ad-Hoc|iPhoneSimulator.ActiveCfg = Release|Any CPU
		{15CB6AD1-4C01-4346-99A5-DE3BE77A5863}.Ad-Hoc|iPhoneSimulator.Build.0 = Release|Any CPU
		{15CB6AD1-4C01-4346-99A5-DE3BE77A5863}.AppStore|Any CPU.ActiveCfg = Release|Any CPU
		{15CB6AD1-4C01-4346-99A5-DE3BE77A5863}.AppStore|Any CPU.Build.0 = Release|Any CPU
		{15CB6AD1-4C01-4346-99A5-DE3BE77A5863}.AppStore|iPhone.ActiveCfg = Release|Any CPU
		{15CB6AD1-4C01-4346-99A5-DE3BE77A5863}.AppStore|iPhone.Build.0 = Release|Any CPU
		{15CB6AD1-4C01-4346-99A5-DE3BE77A5863}.AppStore|iPhoneSimulator.ActiveCfg = Release|Any CPU
		{15CB6AD1-4C01-4346-99A5-DE3BE77A5863}.AppStore|iPhoneSimulator.Build.0 = Release|Any CPU
		{15CB6AD1-4C01-4346-99A5-DE3BE77A5863}.Debug|Any CPU.ActiveCfg = Debug|Any CPU
		{15CB6AD1-4C01-4346-99A5-DE3BE77A5863}.Debug|Any CPU.Build.0 = Debug|Any CPU
		{15CB6AD1-4C01-4346-99A5-DE3BE77A5863}.Debug|iPhone.ActiveCfg = Debug|Any CPU
		{15CB6AD1-4C01-4346-99A5-DE3BE77A5863}.Debug|iPhone.Build.0 = Debug|Any CPU
		{15CB6AD1-4C01-4346-99A5-DE3BE77A5863}.Debug|iPhoneSimulator.ActiveCfg = Debug|Any CPU
		{15CB6AD1-4C01-4346-99A5-DE3BE77A5863}.Debug|iPhoneSimulator.Build.0 = Debug|Any CPU
		{15CB6AD1-4C01-4346-99A5-DE3BE77A5863}.Release|Any CPU.ActiveCfg = Release|Any CPU
		{15CB6AD1-4C01-4346-99A5-DE3BE77A5863}.Release|Any CPU.Build.0 = Release|Any CPU
		{15CB6AD1-4C01-4346-99A5-DE3BE77A5863}.Release|iPhone.ActiveCfg = Release|Any CPU
		{15CB6AD1-4C01-4346-99A5-DE3BE77A5863}.Release|iPhone.Build.0 = Release|Any CPU
		{15CB6AD1-4C01-4346-99A5-DE3BE77A5863}.Release|iPhoneSimulator.ActiveCfg = Release|Any CPU
		{15CB6AD1-4C01-4346-99A5-DE3BE77A5863}.Release|iPhoneSimulator.Build.0 = Release|Any CPU
		{B19A62E8-0F51-476E-957E-223706304753}.Ad-Hoc|Any CPU.ActiveCfg = Release|Any CPU
		{B19A62E8-0F51-476E-957E-223706304753}.Ad-Hoc|Any CPU.Build.0 = Release|Any CPU
		{B19A62E8-0F51-476E-957E-223706304753}.Ad-Hoc|iPhone.ActiveCfg = Release|Any CPU
		{B19A62E8-0F51-476E-957E-223706304753}.Ad-Hoc|iPhone.Build.0 = Release|Any CPU
		{B19A62E8-0F51-476E-957E-223706304753}.Ad-Hoc|iPhoneSimulator.ActiveCfg = Release|Any CPU
		{B19A62E8-0F51-476E-957E-223706304753}.Ad-Hoc|iPhoneSimulator.Build.0 = Release|Any CPU
		{B19A62E8-0F51-476E-957E-223706304753}.AppStore|Any CPU.ActiveCfg = Release|Any CPU
		{B19A62E8-0F51-476E-957E-223706304753}.AppStore|Any CPU.Build.0 = Release|Any CPU
		{B19A62E8-0F51-476E-957E-223706304753}.AppStore|iPhone.ActiveCfg = Release|Any CPU
		{B19A62E8-0F51-476E-957E-223706304753}.AppStore|iPhone.Build.0 = Release|Any CPU
		{B19A62E8-0F51-476E-957E-223706304753}.AppStore|iPhoneSimulator.ActiveCfg = Release|Any CPU
		{B19A62E8-0F51-476E-957E-223706304753}.AppStore|iPhoneSimulator.Build.0 = Release|Any CPU
		{B19A62E8-0F51-476E-957E-223706304753}.Debug|Any CPU.ActiveCfg = Debug|Any CPU
		{B19A62E8-0F51-476E-957E-223706304753}.Debug|Any CPU.Build.0 = Debug|Any CPU
		{B19A62E8-0F51-476E-957E-223706304753}.Debug|iPhone.ActiveCfg = Debug|Any CPU
		{B19A62E8-0F51-476E-957E-223706304753}.Debug|iPhone.Build.0 = Debug|Any CPU
		{B19A62E8-0F51-476E-957E-223706304753}.Debug|iPhoneSimulator.ActiveCfg = Debug|Any CPU
		{B19A62E8-0F51-476E-957E-223706304753}.Debug|iPhoneSimulator.Build.0 = Debug|Any CPU
		{B19A62E8-0F51-476E-957E-223706304753}.Release|Any CPU.ActiveCfg = Release|Any CPU
		{B19A62E8-0F51-476E-957E-223706304753}.Release|Any CPU.Build.0 = Release|Any CPU
		{B19A62E8-0F51-476E-957E-223706304753}.Release|iPhone.ActiveCfg = Release|Any CPU
		{B19A62E8-0F51-476E-957E-223706304753}.Release|iPhone.Build.0 = Release|Any CPU
		{B19A62E8-0F51-476E-957E-223706304753}.Release|iPhoneSimulator.ActiveCfg = Release|Any CPU
		{B19A62E8-0F51-476E-957E-223706304753}.Release|iPhoneSimulator.Build.0 = Release|Any CPU
		{8971D521-9E55-476C-AE54-4A454DDAD058}.Ad-Hoc|Any CPU.ActiveCfg = Release|Any CPU
		{8971D521-9E55-476C-AE54-4A454DDAD058}.Ad-Hoc|Any CPU.Build.0 = Release|Any CPU
		{8971D521-9E55-476C-AE54-4A454DDAD058}.Ad-Hoc|iPhone.ActiveCfg = Release|Any CPU
		{8971D521-9E55-476C-AE54-4A454DDAD058}.Ad-Hoc|iPhone.Build.0 = Release|Any CPU
		{8971D521-9E55-476C-AE54-4A454DDAD058}.Ad-Hoc|iPhoneSimulator.ActiveCfg = Release|Any CPU
		{8971D521-9E55-476C-AE54-4A454DDAD058}.Ad-Hoc|iPhoneSimulator.Build.0 = Release|Any CPU
		{8971D521-9E55-476C-AE54-4A454DDAD058}.AppStore|Any CPU.ActiveCfg = Release|Any CPU
		{8971D521-9E55-476C-AE54-4A454DDAD058}.AppStore|Any CPU.Build.0 = Release|Any CPU
		{8971D521-9E55-476C-AE54-4A454DDAD058}.AppStore|iPhone.ActiveCfg = Release|Any CPU
		{8971D521-9E55-476C-AE54-4A454DDAD058}.AppStore|iPhone.Build.0 = Release|Any CPU
		{8971D521-9E55-476C-AE54-4A454DDAD058}.AppStore|iPhoneSimulator.ActiveCfg = Release|Any CPU
		{8971D521-9E55-476C-AE54-4A454DDAD058}.AppStore|iPhoneSimulator.Build.0 = Release|Any CPU
		{8971D521-9E55-476C-AE54-4A454DDAD058}.Debug|Any CPU.ActiveCfg = Debug|Any CPU
		{8971D521-9E55-476C-AE54-4A454DDAD058}.Debug|Any CPU.Build.0 = Debug|Any CPU
		{8971D521-9E55-476C-AE54-4A454DDAD058}.Debug|iPhone.ActiveCfg = Debug|Any CPU
		{8971D521-9E55-476C-AE54-4A454DDAD058}.Debug|iPhone.Build.0 = Debug|Any CPU
		{8971D521-9E55-476C-AE54-4A454DDAD058}.Debug|iPhoneSimulator.ActiveCfg = Debug|Any CPU
		{8971D521-9E55-476C-AE54-4A454DDAD058}.Debug|iPhoneSimulator.Build.0 = Debug|Any CPU
		{8971D521-9E55-476C-AE54-4A454DDAD058}.Release|Any CPU.ActiveCfg = Release|Any CPU
		{8971D521-9E55-476C-AE54-4A454DDAD058}.Release|Any CPU.Build.0 = Release|Any CPU
		{8971D521-9E55-476C-AE54-4A454DDAD058}.Release|iPhone.ActiveCfg = Release|Any CPU
		{8971D521-9E55-476C-AE54-4A454DDAD058}.Release|iPhone.Build.0 = Release|Any CPU
		{8971D521-9E55-476C-AE54-4A454DDAD058}.Release|iPhoneSimulator.ActiveCfg = Release|Any CPU
		{8971D521-9E55-476C-AE54-4A454DDAD058}.Release|iPhoneSimulator.Build.0 = Release|Any CPU
		{E725A647-58DA-466F-8A15-259F23E14C04}.Ad-Hoc|Any CPU.ActiveCfg = Release|Any CPU
		{E725A647-58DA-466F-8A15-259F23E14C04}.Ad-Hoc|Any CPU.Build.0 = Release|Any CPU
		{E725A647-58DA-466F-8A15-259F23E14C04}.Ad-Hoc|iPhone.ActiveCfg = Release|Any CPU
		{E725A647-58DA-466F-8A15-259F23E14C04}.Ad-Hoc|iPhone.Build.0 = Release|Any CPU
		{E725A647-58DA-466F-8A15-259F23E14C04}.Ad-Hoc|iPhoneSimulator.ActiveCfg = Release|Any CPU
		{E725A647-58DA-466F-8A15-259F23E14C04}.Ad-Hoc|iPhoneSimulator.Build.0 = Release|Any CPU
		{E725A647-58DA-466F-8A15-259F23E14C04}.AppStore|Any CPU.ActiveCfg = Release|Any CPU
		{E725A647-58DA-466F-8A15-259F23E14C04}.AppStore|Any CPU.Build.0 = Release|Any CPU
		{E725A647-58DA-466F-8A15-259F23E14C04}.AppStore|iPhone.ActiveCfg = Release|Any CPU
		{E725A647-58DA-466F-8A15-259F23E14C04}.AppStore|iPhone.Build.0 = Release|Any CPU
		{E725A647-58DA-466F-8A15-259F23E14C04}.AppStore|iPhoneSimulator.ActiveCfg = Release|Any CPU
		{E725A647-58DA-466F-8A15-259F23E14C04}.AppStore|iPhoneSimulator.Build.0 = Release|Any CPU
		{E725A647-58DA-466F-8A15-259F23E14C04}.Debug|Any CPU.ActiveCfg = Debug|Any CPU
		{E725A647-58DA-466F-8A15-259F23E14C04}.Debug|Any CPU.Build.0 = Debug|Any CPU
		{E725A647-58DA-466F-8A15-259F23E14C04}.Debug|iPhone.ActiveCfg = Debug|Any CPU
		{E725A647-58DA-466F-8A15-259F23E14C04}.Debug|iPhone.Build.0 = Debug|Any CPU
		{E725A647-58DA-466F-8A15-259F23E14C04}.Debug|iPhoneSimulator.ActiveCfg = Debug|Any CPU
		{E725A647-58DA-466F-8A15-259F23E14C04}.Debug|iPhoneSimulator.Build.0 = Debug|Any CPU
		{E725A647-58DA-466F-8A15-259F23E14C04}.Release|Any CPU.ActiveCfg = Release|Any CPU
		{E725A647-58DA-466F-8A15-259F23E14C04}.Release|Any CPU.Build.0 = Release|Any CPU
		{E725A647-58DA-466F-8A15-259F23E14C04}.Release|iPhone.ActiveCfg = Release|Any CPU
		{E725A647-58DA-466F-8A15-259F23E14C04}.Release|iPhone.Build.0 = Release|Any CPU
		{E725A647-58DA-466F-8A15-259F23E14C04}.Release|iPhoneSimulator.ActiveCfg = Release|Any CPU
		{E725A647-58DA-466F-8A15-259F23E14C04}.Release|iPhoneSimulator.Build.0 = Release|Any CPU
		{C05ED2BD-DCB4-4AE6-A987-2898131B5A6B}.Ad-Hoc|Any CPU.ActiveCfg = Release|Any CPU
		{C05ED2BD-DCB4-4AE6-A987-2898131B5A6B}.Ad-Hoc|Any CPU.Build.0 = Release|Any CPU
		{C05ED2BD-DCB4-4AE6-A987-2898131B5A6B}.Ad-Hoc|iPhone.ActiveCfg = Release|Any CPU
		{C05ED2BD-DCB4-4AE6-A987-2898131B5A6B}.Ad-Hoc|iPhone.Build.0 = Release|Any CPU
		{C05ED2BD-DCB4-4AE6-A987-2898131B5A6B}.Ad-Hoc|iPhoneSimulator.ActiveCfg = Release|Any CPU
		{C05ED2BD-DCB4-4AE6-A987-2898131B5A6B}.Ad-Hoc|iPhoneSimulator.Build.0 = Release|Any CPU
		{C05ED2BD-DCB4-4AE6-A987-2898131B5A6B}.AppStore|Any CPU.ActiveCfg = Release|Any CPU
		{C05ED2BD-DCB4-4AE6-A987-2898131B5A6B}.AppStore|Any CPU.Build.0 = Release|Any CPU
		{C05ED2BD-DCB4-4AE6-A987-2898131B5A6B}.AppStore|iPhone.ActiveCfg = Release|Any CPU
		{C05ED2BD-DCB4-4AE6-A987-2898131B5A6B}.AppStore|iPhone.Build.0 = Release|Any CPU
		{C05ED2BD-DCB4-4AE6-A987-2898131B5A6B}.AppStore|iPhoneSimulator.ActiveCfg = Release|Any CPU
		{C05ED2BD-DCB4-4AE6-A987-2898131B5A6B}.AppStore|iPhoneSimulator.Build.0 = Release|Any CPU
		{C05ED2BD-DCB4-4AE6-A987-2898131B5A6B}.Debug|Any CPU.ActiveCfg = Debug|Any CPU
		{C05ED2BD-DCB4-4AE6-A987-2898131B5A6B}.Debug|Any CPU.Build.0 = Debug|Any CPU
		{C05ED2BD-DCB4-4AE6-A987-2898131B5A6B}.Debug|iPhone.ActiveCfg = Debug|Any CPU
		{C05ED2BD-DCB4-4AE6-A987-2898131B5A6B}.Debug|iPhone.Build.0 = Debug|Any CPU
		{C05ED2BD-DCB4-4AE6-A987-2898131B5A6B}.Debug|iPhoneSimulator.ActiveCfg = Debug|Any CPU
		{C05ED2BD-DCB4-4AE6-A987-2898131B5A6B}.Debug|iPhoneSimulator.Build.0 = Debug|Any CPU
		{C05ED2BD-DCB4-4AE6-A987-2898131B5A6B}.Release|Any CPU.ActiveCfg = Release|Any CPU
		{C05ED2BD-DCB4-4AE6-A987-2898131B5A6B}.Release|Any CPU.Build.0 = Release|Any CPU
		{C05ED2BD-DCB4-4AE6-A987-2898131B5A6B}.Release|iPhone.ActiveCfg = Release|Any CPU
		{C05ED2BD-DCB4-4AE6-A987-2898131B5A6B}.Release|iPhone.Build.0 = Release|Any CPU
		{C05ED2BD-DCB4-4AE6-A987-2898131B5A6B}.Release|iPhoneSimulator.ActiveCfg = Release|Any CPU
		{C05ED2BD-DCB4-4AE6-A987-2898131B5A6B}.Release|iPhoneSimulator.Build.0 = Release|Any CPU
		{8B7A62C3-1850-4C5A-8B4F-73682E25027B}.Ad-Hoc|Any CPU.ActiveCfg = Release|Any CPU
		{8B7A62C3-1850-4C5A-8B4F-73682E25027B}.Ad-Hoc|Any CPU.Build.0 = Release|Any CPU
		{8B7A62C3-1850-4C5A-8B4F-73682E25027B}.Ad-Hoc|iPhone.ActiveCfg = Release|Any CPU
		{8B7A62C3-1850-4C5A-8B4F-73682E25027B}.Ad-Hoc|iPhone.Build.0 = Release|Any CPU
		{8B7A62C3-1850-4C5A-8B4F-73682E25027B}.Ad-Hoc|iPhoneSimulator.ActiveCfg = Release|Any CPU
		{8B7A62C3-1850-4C5A-8B4F-73682E25027B}.Ad-Hoc|iPhoneSimulator.Build.0 = Release|Any CPU
		{8B7A62C3-1850-4C5A-8B4F-73682E25027B}.AppStore|Any CPU.ActiveCfg = Release|Any CPU
		{8B7A62C3-1850-4C5A-8B4F-73682E25027B}.AppStore|Any CPU.Build.0 = Release|Any CPU
		{8B7A62C3-1850-4C5A-8B4F-73682E25027B}.AppStore|iPhone.ActiveCfg = Release|Any CPU
		{8B7A62C3-1850-4C5A-8B4F-73682E25027B}.AppStore|iPhone.Build.0 = Release|Any CPU
		{8B7A62C3-1850-4C5A-8B4F-73682E25027B}.AppStore|iPhoneSimulator.ActiveCfg = Release|Any CPU
		{8B7A62C3-1850-4C5A-8B4F-73682E25027B}.AppStore|iPhoneSimulator.Build.0 = Release|Any CPU
		{8B7A62C3-1850-4C5A-8B4F-73682E25027B}.Debug|Any CPU.ActiveCfg = Debug|Any CPU
		{8B7A62C3-1850-4C5A-8B4F-73682E25027B}.Debug|Any CPU.Build.0 = Debug|Any CPU
		{8B7A62C3-1850-4C5A-8B4F-73682E25027B}.Debug|iPhone.ActiveCfg = Debug|Any CPU
		{8B7A62C3-1850-4C5A-8B4F-73682E25027B}.Debug|iPhone.Build.0 = Debug|Any CPU
		{8B7A62C3-1850-4C5A-8B4F-73682E25027B}.Debug|iPhoneSimulator.ActiveCfg = Debug|Any CPU
		{8B7A62C3-1850-4C5A-8B4F-73682E25027B}.Debug|iPhoneSimulator.Build.0 = Debug|Any CPU
		{8B7A62C3-1850-4C5A-8B4F-73682E25027B}.Release|Any CPU.ActiveCfg = Release|Any CPU
		{8B7A62C3-1850-4C5A-8B4F-73682E25027B}.Release|Any CPU.Build.0 = Release|Any CPU
		{8B7A62C3-1850-4C5A-8B4F-73682E25027B}.Release|iPhone.ActiveCfg = Release|Any CPU
		{8B7A62C3-1850-4C5A-8B4F-73682E25027B}.Release|iPhone.Build.0 = Release|Any CPU
		{8B7A62C3-1850-4C5A-8B4F-73682E25027B}.Release|iPhoneSimulator.ActiveCfg = Release|Any CPU
		{8B7A62C3-1850-4C5A-8B4F-73682E25027B}.Release|iPhoneSimulator.Build.0 = Release|Any CPU
		{50FE43C0-539D-4EA8-8F2C-CEBC32046D30}.Ad-Hoc|Any CPU.ActiveCfg = Release|Any CPU
		{50FE43C0-539D-4EA8-8F2C-CEBC32046D30}.Ad-Hoc|Any CPU.Build.0 = Release|Any CPU
		{50FE43C0-539D-4EA8-8F2C-CEBC32046D30}.Ad-Hoc|iPhone.ActiveCfg = Release|Any CPU
		{50FE43C0-539D-4EA8-8F2C-CEBC32046D30}.Ad-Hoc|iPhone.Build.0 = Release|Any CPU
		{50FE43C0-539D-4EA8-8F2C-CEBC32046D30}.Ad-Hoc|iPhoneSimulator.ActiveCfg = Release|Any CPU
		{50FE43C0-539D-4EA8-8F2C-CEBC32046D30}.Ad-Hoc|iPhoneSimulator.Build.0 = Release|Any CPU
		{50FE43C0-539D-4EA8-8F2C-CEBC32046D30}.AppStore|Any CPU.ActiveCfg = Release|Any CPU
		{50FE43C0-539D-4EA8-8F2C-CEBC32046D30}.AppStore|Any CPU.Build.0 = Release|Any CPU
		{50FE43C0-539D-4EA8-8F2C-CEBC32046D30}.AppStore|iPhone.ActiveCfg = Release|Any CPU
		{50FE43C0-539D-4EA8-8F2C-CEBC32046D30}.AppStore|iPhone.Build.0 = Release|Any CPU
		{50FE43C0-539D-4EA8-8F2C-CEBC32046D30}.AppStore|iPhoneSimulator.ActiveCfg = Release|Any CPU
		{50FE43C0-539D-4EA8-8F2C-CEBC32046D30}.AppStore|iPhoneSimulator.Build.0 = Release|Any CPU
		{50FE43C0-539D-4EA8-8F2C-CEBC32046D30}.Debug|Any CPU.ActiveCfg = Debug|Any CPU
		{50FE43C0-539D-4EA8-8F2C-CEBC32046D30}.Debug|Any CPU.Build.0 = Debug|Any CPU
		{50FE43C0-539D-4EA8-8F2C-CEBC32046D30}.Debug|iPhone.ActiveCfg = Debug|Any CPU
		{50FE43C0-539D-4EA8-8F2C-CEBC32046D30}.Debug|iPhone.Build.0 = Debug|Any CPU
		{50FE43C0-539D-4EA8-8F2C-CEBC32046D30}.Debug|iPhoneSimulator.ActiveCfg = Debug|Any CPU
		{50FE43C0-539D-4EA8-8F2C-CEBC32046D30}.Debug|iPhoneSimulator.Build.0 = Debug|Any CPU
		{50FE43C0-539D-4EA8-8F2C-CEBC32046D30}.Release|Any CPU.ActiveCfg = Release|Any CPU
		{50FE43C0-539D-4EA8-8F2C-CEBC32046D30}.Release|Any CPU.Build.0 = Release|Any CPU
		{50FE43C0-539D-4EA8-8F2C-CEBC32046D30}.Release|iPhone.ActiveCfg = Release|Any CPU
		{50FE43C0-539D-4EA8-8F2C-CEBC32046D30}.Release|iPhone.Build.0 = Release|Any CPU
		{50FE43C0-539D-4EA8-8F2C-CEBC32046D30}.Release|iPhoneSimulator.ActiveCfg = Release|Any CPU
		{50FE43C0-539D-4EA8-8F2C-CEBC32046D30}.Release|iPhoneSimulator.Build.0 = Release|Any CPU
		{6A329B0B-894A-48E3-A4E1-4E2F84CEFF15}.Ad-Hoc|Any CPU.ActiveCfg = Release|Any CPU
		{6A329B0B-894A-48E3-A4E1-4E2F84CEFF15}.Ad-Hoc|Any CPU.Build.0 = Release|Any CPU
		{6A329B0B-894A-48E3-A4E1-4E2F84CEFF15}.Ad-Hoc|iPhone.ActiveCfg = Release|Any CPU
		{6A329B0B-894A-48E3-A4E1-4E2F84CEFF15}.Ad-Hoc|iPhone.Build.0 = Release|Any CPU
		{6A329B0B-894A-48E3-A4E1-4E2F84CEFF15}.Ad-Hoc|iPhoneSimulator.ActiveCfg = Release|Any CPU
		{6A329B0B-894A-48E3-A4E1-4E2F84CEFF15}.Ad-Hoc|iPhoneSimulator.Build.0 = Release|Any CPU
		{6A329B0B-894A-48E3-A4E1-4E2F84CEFF15}.AppStore|Any CPU.ActiveCfg = Release|Any CPU
		{6A329B0B-894A-48E3-A4E1-4E2F84CEFF15}.AppStore|Any CPU.Build.0 = Release|Any CPU
		{6A329B0B-894A-48E3-A4E1-4E2F84CEFF15}.AppStore|iPhone.ActiveCfg = Release|Any CPU
		{6A329B0B-894A-48E3-A4E1-4E2F84CEFF15}.AppStore|iPhone.Build.0 = Release|Any CPU
		{6A329B0B-894A-48E3-A4E1-4E2F84CEFF15}.AppStore|iPhoneSimulator.ActiveCfg = Release|Any CPU
		{6A329B0B-894A-48E3-A4E1-4E2F84CEFF15}.AppStore|iPhoneSimulator.Build.0 = Release|Any CPU
		{6A329B0B-894A-48E3-A4E1-4E2F84CEFF15}.Debug|Any CPU.ActiveCfg = Debug|Any CPU
		{6A329B0B-894A-48E3-A4E1-4E2F84CEFF15}.Debug|Any CPU.Build.0 = Debug|Any CPU
		{6A329B0B-894A-48E3-A4E1-4E2F84CEFF15}.Debug|iPhone.ActiveCfg = Debug|Any CPU
		{6A329B0B-894A-48E3-A4E1-4E2F84CEFF15}.Debug|iPhone.Build.0 = Debug|Any CPU
		{6A329B0B-894A-48E3-A4E1-4E2F84CEFF15}.Debug|iPhoneSimulator.ActiveCfg = Debug|Any CPU
		{6A329B0B-894A-48E3-A4E1-4E2F84CEFF15}.Debug|iPhoneSimulator.Build.0 = Debug|Any CPU
		{6A329B0B-894A-48E3-A4E1-4E2F84CEFF15}.Release|Any CPU.ActiveCfg = Release|Any CPU
		{6A329B0B-894A-48E3-A4E1-4E2F84CEFF15}.Release|Any CPU.Build.0 = Release|Any CPU
		{6A329B0B-894A-48E3-A4E1-4E2F84CEFF15}.Release|iPhone.ActiveCfg = Release|Any CPU
		{6A329B0B-894A-48E3-A4E1-4E2F84CEFF15}.Release|iPhone.Build.0 = Release|Any CPU
		{6A329B0B-894A-48E3-A4E1-4E2F84CEFF15}.Release|iPhoneSimulator.ActiveCfg = Release|Any CPU
		{6A329B0B-894A-48E3-A4E1-4E2F84CEFF15}.Release|iPhoneSimulator.Build.0 = Release|Any CPU
		{C598DE4C-148E-4798-AE0F-774EB467238B}.Ad-Hoc|Any CPU.ActiveCfg = Release|Any CPU
		{C598DE4C-148E-4798-AE0F-774EB467238B}.Ad-Hoc|Any CPU.Build.0 = Release|Any CPU
		{C598DE4C-148E-4798-AE0F-774EB467238B}.Ad-Hoc|iPhone.ActiveCfg = Release|Any CPU
		{C598DE4C-148E-4798-AE0F-774EB467238B}.Ad-Hoc|iPhone.Build.0 = Release|Any CPU
		{C598DE4C-148E-4798-AE0F-774EB467238B}.Ad-Hoc|iPhoneSimulator.ActiveCfg = Release|Any CPU
		{C598DE4C-148E-4798-AE0F-774EB467238B}.Ad-Hoc|iPhoneSimulator.Build.0 = Release|Any CPU
		{C598DE4C-148E-4798-AE0F-774EB467238B}.AppStore|Any CPU.ActiveCfg = Release|Any CPU
		{C598DE4C-148E-4798-AE0F-774EB467238B}.AppStore|Any CPU.Build.0 = Release|Any CPU
		{C598DE4C-148E-4798-AE0F-774EB467238B}.AppStore|iPhone.ActiveCfg = Release|Any CPU
		{C598DE4C-148E-4798-AE0F-774EB467238B}.AppStore|iPhone.Build.0 = Release|Any CPU
		{C598DE4C-148E-4798-AE0F-774EB467238B}.AppStore|iPhoneSimulator.ActiveCfg = Release|Any CPU
		{C598DE4C-148E-4798-AE0F-774EB467238B}.AppStore|iPhoneSimulator.Build.0 = Release|Any CPU
		{C598DE4C-148E-4798-AE0F-774EB467238B}.Debug|Any CPU.ActiveCfg = Debug|Any CPU
		{C598DE4C-148E-4798-AE0F-774EB467238B}.Debug|Any CPU.Build.0 = Debug|Any CPU
		{C598DE4C-148E-4798-AE0F-774EB467238B}.Debug|iPhone.ActiveCfg = Debug|Any CPU
		{C598DE4C-148E-4798-AE0F-774EB467238B}.Debug|iPhone.Build.0 = Debug|Any CPU
		{C598DE4C-148E-4798-AE0F-774EB467238B}.Debug|iPhoneSimulator.ActiveCfg = Debug|Any CPU
		{C598DE4C-148E-4798-AE0F-774EB467238B}.Debug|iPhoneSimulator.Build.0 = Debug|Any CPU
		{C598DE4C-148E-4798-AE0F-774EB467238B}.Release|Any CPU.ActiveCfg = Release|Any CPU
		{C598DE4C-148E-4798-AE0F-774EB467238B}.Release|Any CPU.Build.0 = Release|Any CPU
		{C598DE4C-148E-4798-AE0F-774EB467238B}.Release|iPhone.ActiveCfg = Release|Any CPU
		{C598DE4C-148E-4798-AE0F-774EB467238B}.Release|iPhone.Build.0 = Release|Any CPU
		{C598DE4C-148E-4798-AE0F-774EB467238B}.Release|iPhoneSimulator.ActiveCfg = Release|Any CPU
		{C598DE4C-148E-4798-AE0F-774EB467238B}.Release|iPhoneSimulator.Build.0 = Release|Any CPU
	EndGlobalSection
	GlobalSection(SolutionProperties) = preSolution
		HideSolutionNode = FALSE
	EndGlobalSection
EndGlobal
